
Microsoft Visual Studio Solution File, Format Version 12.00
# Visual Studio Version 16
VisualStudioVersion = 16.0.31424.327
MinimumVisualStudioVersion = 10.0.40219.1
Project("{FAE04EC0-301F-11D3-BF4B-00C04F79EFBC}") = "KRMDataManager", "KRMDataManager\KRMDataManager.csproj", "{05542866-8DB5-4197-B9A4-3ED645B7EF04}"
EndProject
Global
	GlobalSection(SolutionConfigurationPlatforms) = preSolution
		Debug|Any CPU = Debug|Any CPU
		Release|Any CPU = Release|Any CPU
	EndGlobalSection
	GlobalSection(ProjectConfigurationPlatforms) = postSolution
		{05542866-8DB5-4197-B9A4-3ED645B7EF04}.Debug|Any CPU.ActiveCfg = Debug|Any CPU
		{05542866-8DB5-4197-B9A4-3ED645B7EF04}.Debug|Any CPU.Build.0 = Debug|Any CPU
		{05542866-8DB5-4197-B9A4-3ED645B7EF04}.Release|Any CPU.ActiveCfg = Release|Any CPU
		{05542866-8DB5-4197-B9A4-3ED645B7EF04}.Release|Any CPU.Build.0 = Release|Any CPU
	EndGlobalSection
	GlobalSection(SolutionProperties) = preSolution
		HideSolutionNode = FALSE
	EndGlobalSection
	GlobalSection(ExtensibilityGlobals) = postSolution
		SolutionGuid = {DE75226C-55FF-4822-9C6C-1DF908EF14C7}
	EndGlobalSection
EndGlobal
